
Microsoft Visual Studio Solution File, Format Version 12.00
# Visual Studio Version 17
VisualStudioVersion = 17.8.34212.112
MinimumVisualStudioVersion = 10.0.40219.1
Project("{9A19103F-16F7-4668-BE54-9A1E7A4F7556}") = "Cartopia", "RetWeb\Cartopia.csproj", "{E9EAA612-9744-486E-BA59-B08E2FCE0980}"
EndProject
Project("{9A19103F-16F7-4668-BE54-9A1E7A4F7556}") = "Cartopia.DataAccess", "RetWeb.DataAccess\Cartopia.DataAccess.csproj", "{279CD96C-A994-4C4B-8006-71C5A6A4700E}"
EndProject
Project("{9A19103F-16F7-4668-BE54-9A1E7A4F7556}") = "Cartopia.Models", "RetWeb.Models\Cartopia.Models.csproj", "{799DD1F3-3822-490B-8506-F82A61D7962C}"
EndProject
Project("{9A19103F-16F7-4668-BE54-9A1E7A4F7556}") = "Cartopia.Utility", "RetWeb.Utility\Cartopia.Utility.csproj", "{EBBCE89B-1899-4D0C-9D80-990FDC6CC34C}"
EndProject
Global
	GlobalSection(SolutionConfigurationPlatforms) = preSolution
		Debug|Any CPU = Debug|Any CPU
		Release|Any CPU = Release|Any CPU
	EndGlobalSection
	GlobalSection(ProjectConfigurationPlatforms) = postSolution
		{E9EAA612-9744-486E-BA59-B08E2FCE0980}.Debug|Any CPU.ActiveCfg = Debug|Any CPU
		{E9EAA612-9744-486E-BA59-B08E2FCE0980}.Debug|Any CPU.Build.0 = Debug|Any CPU
		{E9EAA612-9744-486E-BA59-B08E2FCE0980}.Release|Any CPU.ActiveCfg = Release|Any CPU
		{E9EAA612-9744-486E-BA59-B08E2FCE0980}.Release|Any CPU.Build.0 = Release|Any CPU
		{279CD96C-A994-4C4B-8006-71C5A6A4700E}.Debug|Any CPU.ActiveCfg = Debug|Any CPU
		{279CD96C-A994-4C4B-8006-71C5A6A4700E}.Debug|Any CPU.Build.0 = Debug|Any CPU
		{279CD96C-A994-4C4B-8006-71C5A6A4700E}.Release|Any CPU.ActiveCfg = Release|Any CPU
		{279CD96C-A994-4C4B-8006-71C5A6A4700E}.Release|Any CPU.Build.0 = Release|Any CPU
		{799DD1F3-3822-490B-8506-F82A61D7962C}.Debug|Any CPU.ActiveCfg = Debug|Any CPU
		{799DD1F3-3822-490B-8506-F82A61D7962C}.Debug|Any CPU.Build.0 = Debug|Any CPU
		{799DD1F3-3822-490B-8506-F82A61D7962C}.Release|Any CPU.ActiveCfg = Release|Any CPU
		{799DD1F3-3822-490B-8506-F82A61D7962C}.Release|Any CPU.Build.0 = Release|Any CPU
		{EBBCE89B-1899-4D0C-9D80-990FDC6CC34C}.Debug|Any CPU.ActiveCfg = Debug|Any CPU
		{EBBCE89B-1899-4D0C-9D80-990FDC6CC34C}.Debug|Any CPU.Build.0 = Debug|Any CPU
		{EBBCE89B-1899-4D0C-9D80-990FDC6CC34C}.Release|Any CPU.ActiveCfg = Release|Any CPU
		{EBBCE89B-1899-4D0C-9D80-990FDC6CC34C}.Release|Any CPU.Build.0 = Release|Any CPU
	EndGlobalSection
	GlobalSection(SolutionProperties) = preSolution
		HideSolutionNode = FALSE
	EndGlobalSection
	GlobalSection(ExtensibilityGlobals) = postSolution
		SolutionGuid = {06C93679-4B4E-4EA8-AF2C-FDA8A5741FA5}
	EndGlobalSection
EndGlobal
